
Microsoft Visual Studio Solution File, Format Version 12.00
# Visual Studio Version 17
VisualStudioVersion = 17.0.32126.317
MinimumVisualStudioVersion = 10.0.40219.1
Project("{8BC9CEB8-8B4A-11D0-8D11-00A0C91BC942}") = "leralaba", "leralaba.vcxproj", "{5D3B8E8B-37A1-450D-8EA9-DEB81F2D123F}"
EndProject
Global
	GlobalSection(SolutionConfigurationPlatforms) = preSolution
		Debug|x64 = Debug|x64
		Debug|x86 = Debug|x86
		Release|x64 = Release|x64
		Release|x86 = Release|x86
	EndGlobalSection
	GlobalSection(ProjectConfigurationPlatforms) = postSolution
		{5D3B8E8B-37A1-450D-8EA9-DEB81F2D123F}.Debug|x64.ActiveCfg = Debug|x64
		{5D3B8E8B-37A1-450D-8EA9-DEB81F2D123F}.Debug|x64.Build.0 = Debug|x64
		{5D3B8E8B-37A1-450D-8EA9-DEB81F2D123F}.Debug|x86.ActiveCfg = Debug|Win32
		{5D3B8E8B-37A1-450D-8EA9-DEB81F2D123F}.Debug|x86.Build.0 = Debug|Win32
		{5D3B8E8B-37A1-450D-8EA9-DEB81F2D123F}.Release|x64.ActiveCfg = Release|x64
		{5D3B8E8B-37A1-450D-8EA9-DEB81F2D123F}.Release|x64.Build.0 = Release|x64
		{5D3B8E8B-37A1-450D-8EA9-DEB81F2D123F}.Release|x86.ActiveCfg = Release|Win32
		{5D3B8E8B-37A1-450D-8EA9-DEB81F2D123F}.Release|x86.Build.0 = Release|Win32
	EndGlobalSection
	GlobalSection(SolutionProperties) = preSolution
		HideSolutionNode = FALSE
	EndGlobalSection
	GlobalSection(ExtensibilityGlobals) = postSolution
		SolutionGuid = {D4B238CC-76D7-45C7-800F-81A3AD837A27}
	EndGlobalSection
EndGlobal
